
Microsoft Visual Studio Solution File, Format Version 12.00
# Visual Studio 15
VisualStudioVersion = 15.0.27130.2010
MinimumVisualStudioVersion = 10.0.40219.1
Project("{9A19103F-16F7-4668-BE54-9A1E7A4F7556}") = "TwilioEthereum", "TwilioEthereum\TwilioEthereum.csproj", "{BCD2CED5-9905-4E84-9956-6F224C390E41}"
EndProject
Global
	GlobalSection(SolutionConfigurationPlatforms) = preSolution
		Debug|Any CPU = Debug|Any CPU
		Release|Any CPU = Release|Any CPU
	EndGlobalSection
	GlobalSection(ProjectConfigurationPlatforms) = postSolution
		{BCD2CED5-9905-4E84-9956-6F224C390E41}.Debug|Any CPU.ActiveCfg = Debug|Any CPU
		{BCD2CED5-9905-4E84-9956-6F224C390E41}.Debug|Any CPU.Build.0 = Debug|Any CPU
		{BCD2CED5-9905-4E84-9956-6F224C390E41}.Release|Any CPU.ActiveCfg = Release|Any CPU
		{BCD2CED5-9905-4E84-9956-6F224C390E41}.Release|Any CPU.Build.0 = Release|Any CPU
	EndGlobalSection
	GlobalSection(SolutionProperties) = preSolution
		HideSolutionNode = FALSE
	EndGlobalSection
	GlobalSection(ExtensibilityGlobals) = postSolution
		SolutionGuid = {293B7FD8-60FE-4A19-8867-9605862607EE}
	EndGlobalSection
EndGlobal
